// !$*UTF8*$!
{
	archiveVersion = 1;
	classes = {
	};
	objectVersion = 50;
	objects = {

/* Begin PBXBuildFile section */
		605A50CC234373B000A63258 /* Landmark.swift in Sources */ = {isa = PBXBuildFile; fileRef = 605A50CB234373B000A63258 /* Landmark.swift */; };
		605A50D32343789E00A63258 /* LandmarkRow.swift in Sources */ = {isa = PBXBuildFile; fileRef = 605A50D22343789E00A63258 /* LandmarkRow.swift */; };
		605A50D52343797E00A63258 /* landmarkData.json in Resources */ = {isa = PBXBuildFile; fileRef = 605A50D42343797E00A63258 /* landmarkData.json */; };
		605A50D8234379A900A63258 /* Data.swift in Sources */ = {isa = PBXBuildFile; fileRef = 605A50D7234379A900A63258 /* Data.swift */; };
		60884E34234236200016110E /* AppDelegate.swift in Sources */ = {isa = PBXBuildFile; fileRef = 60884E33234236200016110E /* AppDelegate.swift */; };
		60884E36234236200016110E /* SceneDelegate.swift in Sources */ = {isa = PBXBuildFile; fileRef = 60884E35234236200016110E /* SceneDelegate.swift */; };
		60884E38234236200016110E /* LandmarkDetail.swift in Sources */ = {isa = PBXBuildFile; fileRef = 60884E37234236200016110E /* LandmarkDetail.swift */; };
		60884E3A234236260016110E /* Assets.xcassets in Resources */ = {isa = PBXBuildFile; fileRef = 60884E39234236260016110E /* Assets.xcassets */; };
		60884E3D234236260016110E /* Preview Assets.xcassets in Resources */ = {isa = PBXBuildFile; fileRef = 60884E3C234236260016110E /* Preview Assets.xcassets */; };
		60884E40234236260016110E /* LaunchScreen.storyboard in Resources */ = {isa = PBXBuildFile; fileRef = 60884E3E234236260016110E /* LaunchScreen.storyboard */; };
		60884E4B234236270016110E /* LandmarksTests.swift in Sources */ = {isa = PBXBuildFile; fileRef = 60884E4A234236270016110E /* LandmarksTests.swift */; };
		60884E56234236270016110E /* LandmarksUITests.swift in Sources */ = {isa = PBXBuildFile; fileRef = 60884E55234236270016110E /* LandmarksUITests.swift */; };
		60884E6423423E2E0016110E /* CircleImage.swift in Sources */ = {isa = PBXBuildFile; fileRef = 60884E6323423E2E0016110E /* CircleImage.swift */; };
		60884E66234241D20016110E /* MapView.swift in Sources */ = {isa = PBXBuildFile; fileRef = 60884E65234241D20016110E /* MapView.swift */; };
		60BE9C5A23437DDB00C421FF /* lakemcdonald.jpg in Resources */ = {isa = PBXBuildFile; fileRef = 60BE9C4E23437DDA00C421FF /* lakemcdonald.jpg */; };
		60BE9C5B23437DDB00C421FF /* stmarylake.jpg in Resources */ = {isa = PBXBuildFile; fileRef = 60BE9C4F23437DDA00C421FF /* stmarylake.jpg */; };
		60BE9C5C23437DDB00C421FF /* chincoteague.jpg in Resources */ = {isa = PBXBuildFile; fileRef = 60BE9C5023437DDA00C421FF /* chincoteague.jpg */; };
		60BE9C5D23437DDB00C421FF /* umbagog.jpg in Resources */ = {isa = PBXBuildFile; fileRef = 60BE9C5123437DDA00C421FF /* umbagog.jpg */; };
		60BE9C5E23437DDB00C421FF /* chilkoottrail.jpg in Resources */ = {isa = PBXBuildFile; fileRef = 60BE9C5223437DDA00C421FF /* chilkoottrail.jpg */; };
		60BE9C5F23437DDB00C421FF /* twinlake.jpg in Resources */ = {isa = PBXBuildFile; fileRef = 60BE9C5323437DDA00C421FF /* twinlake.jpg */; };
		60BE9C6023437DDB00C421FF /* rainbowlake.jpg in Resources */ = {isa = PBXBuildFile; fileRef = 60BE9C5423437DDB00C421FF /* rainbowlake.jpg */; };
		60BE9C6123437DDB00C421FF /* yukon_charleyrivers.jpg in Resources */ = {isa = PBXBuildFile; fileRef = 60BE9C5523437DDB00C421FF /* yukon_charleyrivers.jpg */; };
		60BE9C6223437DDB00C421FF /* silversalmoncreek.jpg in Resources */ = {isa = PBXBuildFile; fileRef = 60BE9C5623437DDB00C421FF /* silversalmoncreek.jpg */; };
		60BE9C6323437DDB00C421FF /* icybay.jpg in Resources */ = {isa = PBXBuildFile; fileRef = 60BE9C5723437DDB00C421FF /* icybay.jpg */; };
		60BE9C6423437DDB00C421FF /* turtlerock.jpg in Resources */ = {isa = PBXBuildFile; fileRef = 60BE9C5823437DDB00C421FF /* turtlerock.jpg */; };
		60BE9C6523437DDB00C421FF /* hiddenlake.jpg in Resources */ = {isa = PBXBuildFile; fileRef = 60BE9C5923437DDB00C421FF /* hiddenlake.jpg */; };
		60BE9C6723437FE600C421FF /* LandmarkList.swift in Sources */ = {isa = PBXBuildFile; fileRef = 60BE9C6623437FE600C421FF /* LandmarkList.swift */; };
/* End PBXBuildFile section */

/* Begin PBXContainerItemProxy section */
		60884E47234236270016110E /* PBXContainerItemProxy */ = {
			isa = PBXContainerItemProxy;
			containerPortal = 60884E28234236200016110E /* Project object */;
			proxyType = 1;
			remoteGlobalIDString = 60884E2F234236200016110E;
			remoteInfo = Landmarks;
		};
		60884E52234236270016110E /* PBXContainerItemProxy */ = {
			isa = PBXContainerItemProxy;
			containerPortal = 60884E28234236200016110E /* Project object */;
			proxyType = 1;
			remoteGlobalIDString = 60884E2F234236200016110E;
			remoteInfo = Landmarks;
		};
/* End PBXContainerItemProxy section */

/* Begin PBXFileReference section */
		605A50CB234373B000A63258 /* Landmark.swift */ = {isa = PBXFileReference; lastKnownFileType = sourcecode.swift; path = Landmark.swift; sourceTree = "<group>"; };
		605A50D22343789E00A63258 /* LandmarkRow.swift */ = {isa = PBXFileReference; lastKnownFileType = sourcecode.swift; path = LandmarkRow.swift; sourceTree = "<group>"; };
		605A50D42343797E00A63258 /* landmarkData.json */ = {isa = PBXFileReference; fileEncoding = 4; lastKnownFileType = text.json; path = landmarkData.json; sourceTree = "<group>"; };
		605A50D7234379A900A63258 /* Data.swift */ = {isa = PBXFileReference; fileEncoding = 4; lastKnownFileType = sourcecode.swift; path = Data.swift; sourceTree = "<group>"; };
		60884E30234236200016110E /* Landmarks.app */ = {isa = PBXFileReference; explicitFileType = wrapper.application; includeInIndex = 0; path = Landmarks.app; sourceTree = BUILT_PRODUCTS_DIR; };
		60884E33234236200016110E /* AppDelegate.swift */ = {isa = PBXFileReference; lastKnownFileType = sourcecode.swift; path = AppDelegate.swift; sourceTree = "<group>"; };
		60884E35234236200016110E /* SceneDelegate.swift */ = {isa = PBXFileReference; lastKnownFileType = sourcecode.swift; path = SceneDelegate.swift; sourceTree = "<group>"; };
		60884E37234236200016110E /* LandmarkDetail.swift */ = {isa = PBXFileReference; lastKnownFileType = sourcecode.swift; path = LandmarkDetail.swift; sourceTree = "<group>"; };
		60884E39234236260016110E /* Assets.xcassets */ = {isa = PBXFileReference; lastKnownFileType = folder.assetcatalog; path = Assets.xcassets; sourceTree = "<group>"; };
		60884E3C234236260016110E /* Preview Assets.xcassets */ = {isa = PBXFileReference; lastKnownFileType = folder.assetcatalog; path = "Preview Assets.xcassets"; sourceTree = "<group>"; };
		60884E3F234236260016110E /* Base */ = {isa = PBXFileReference; lastKnownFileType = file.storyboard; name = Base; path = Base.lproj/LaunchScreen.storyboard; sourceTree = "<group>"; };
		60884E41234236260016110E /* Info.plist */ = {isa = PBXFileReference; lastKnownFileType = text.plist.xml; path = Info.plist; sourceTree = "<group>"; };
		60884E46234236270016110E /* LandmarksTests.xctest */ = {isa = PBXFileReference; explicitFileType = wrapper.cfbundle; includeInIndex = 0; path = LandmarksTests.xctest; sourceTree = BUILT_PRODUCTS_DIR; };
		60884E4A234236270016110E /* LandmarksTests.swift */ = {isa = PBXFileReference; lastKnownFileType = sourcecode.swift; path = LandmarksTests.swift; sourceTree = "<group>"; };
		60884E4C234236270016110E /* Info.plist */ = {isa = PBXFileReference; lastKnownFileType = text.plist.xml; path = Info.plist; sourceTree = "<group>"; };
		60884E51234236270016110E /* LandmarksUITests.xctest */ = {isa = PBXFileReference; explicitFileType = wrapper.cfbundle; includeInIndex = 0; path = LandmarksUITests.xctest; sourceTree = BUILT_PRODUCTS_DIR; };
		60884E55234236270016110E /* LandmarksUITests.swift */ = {isa = PBXFileReference; lastKnownFileType = sourcecode.swift; path = LandmarksUITests.swift; sourceTree = "<group>"; };
		60884E57234236270016110E /* Info.plist */ = {isa = PBXFileReference; lastKnownFileType = text.plist.xml; path = Info.plist; sourceTree = "<group>"; };
		60884E6323423E2E0016110E /* CircleImage.swift */ = {isa = PBXFileReference; lastKnownFileType = sourcecode.swift; path = CircleImage.swift; sourceTree = "<group>"; };
		60884E65234241D20016110E /* MapView.swift */ = {isa = PBXFileReference; lastKnownFileType = sourcecode.swift; path = MapView.swift; sourceTree = "<group>"; };
		60BE9C4E23437DDA00C421FF /* lakemcdonald.jpg */ = {isa = PBXFileReference; lastKnownFileType = image.jpeg; path = lakemcdonald.jpg; sourceTree = "<group>"; };
		60BE9C4F23437DDA00C421FF /* stmarylake.jpg */ = {isa = PBXFileReference; lastKnownFileType = image.jpeg; path = stmarylake.jpg; sourceTree = "<group>"; };
		60BE9C5023437DDA00C421FF /* chincoteague.jpg */ = {isa = PBXFileReference; lastKnownFileType = image.jpeg; path = chincoteague.jpg; sourceTree = "<group>"; };
		60BE9C5123437DDA00C421FF /* umbagog.jpg */ = {isa = PBXFileReference; lastKnownFileType = image.jpeg; path = umbagog.jpg; sourceTree = "<group>"; };
		60BE9C5223437DDA00C421FF /* chilkoottrail.jpg */ = {isa = PBXFileReference; lastKnownFileType = image.jpeg; path = chilkoottrail.jpg; sourceTree = "<group>"; };
		60BE9C5323437DDA00C421FF /* twinlake.jpg */ = {isa = PBXFileReference; lastKnownFileType = image.jpeg; path = twinlake.jpg; sourceTree = "<group>"; };
		60BE9C5423437DDB00C421FF /* rainbowlake.jpg */ = {isa = PBXFileReference; lastKnownFileType = image.jpeg; path = rainbowlake.jpg; sourceTree = "<group>"; };
		60BE9C5523437DDB00C421FF /* yukon_charleyrivers.jpg */ = {isa = PBXFileReference; lastKnownFileType = image.jpeg; path = yukon_charleyrivers.jpg; sourceTree = "<group>"; };
		60BE9C5623437DDB00C421FF /* silversalmoncreek.jpg */ = {isa = PBXFileReference; lastKnownFileType = image.jpeg; path = silversalmoncreek.jpg; sourceTree = "<group>"; };
		60BE9C5723437DDB00C421FF /* icybay.jpg */ = {isa = PBXFileReference; lastKnownFileType = image.jpeg; path = icybay.jpg; sourceTree = "<group>"; };
		60BE9C5823437DDB00C421FF /* turtlerock.jpg */ = {isa = PBXFileReference; lastKnownFileType = image.jpeg; path = turtlerock.jpg; sourceTree = "<group>"; };
		60BE9C5923437DDB00C421FF /* hiddenlake.jpg */ = {isa = PBXFileReference; lastKnownFileType = image.jpeg; path = hiddenlake.jpg; sourceTree = "<group>"; };
		60BE9C6623437FE600C421FF /* LandmarkList.swift */ = {isa = PBXFileReference; lastKnownFileType = sourcecode.swift; path = LandmarkList.swift; sourceTree = "<group>"; };
/* End PBXFileReference section */

/* Begin PBXFrameworksBuildPhase section */
		60884E2D234236200016110E /* Frameworks */ = {
			isa = PBXFrameworksBuildPhase;
			buildActionMask = 2147483647;
			files = (
			);
			runOnlyForDeploymentPostprocessing = 0;
		};
		60884E43234236270016110E /* Frameworks */ = {
			isa = PBXFrameworksBuildPhase;
			buildActionMask = 2147483647;
			files = (
			);
			runOnlyForDeploymentPostprocessing = 0;
		};
		60884E4E234236270016110E /* Frameworks */ = {
			isa = PBXFrameworksBuildPhase;
			buildActionMask = 2147483647;
			files = (
			);
			runOnlyForDeploymentPostprocessing = 0;
		};
/* End PBXFrameworksBuildPhase section */

/* Begin PBXGroup section */
		605A50CA2343731A00A63258 /* Models */ = {
			isa = PBXGroup;
			children = (
				605A50D62343799E00A63258 /* Stub */,
				605A50CB234373B000A63258 /* Landmark.swift */,
			);
			path = Models;
			sourceTree = "<group>";
		};
		605A50CD2343756900A63258 /* Screens */ = {
			isa = PBXGroup;
			children = (
				605A50D02343788500A63258 /* LandmarkList */,
				605A50CF2343769F00A63258 /* LandmarkDetail */,
			);
			path = Screens;
			sourceTree = "<group>";
		};
		605A50CE2343758700A63258 /* Resources */ = {
			isa = PBXGroup;
			children = (
				60884E3E234236260016110E /* LaunchScreen.storyboard */,
				60884E39234236260016110E /* Assets.xcassets */,
			);
			path = Resources;
			sourceTree = "<group>";
		};
		605A50CF2343769F00A63258 /* LandmarkDetail */ = {
			isa = PBXGroup;
			children = (
				605B8FE623437C000014FB90 /* Views */,
				60884E37234236200016110E /* LandmarkDetail.swift */,
			);
			path = LandmarkDetail;
			sourceTree = "<group>";
		};
		605A50D02343788500A63258 /* LandmarkList */ = {
			isa = PBXGroup;
			children = (
				605A50D12343788B00A63258 /* Views */,
				60BE9C6623437FE600C421FF /* LandmarkList.swift */,
			);
			path = LandmarkList;
			sourceTree = "<group>";
		};
		605A50D12343788B00A63258 /* Views */ = {
			isa = PBXGroup;
			children = (
				605A50D22343789E00A63258 /* LandmarkRow.swift */,
			);
			path = Views;
			sourceTree = "<group>";
		};
		605A50D62343799E00A63258 /* Stub */ = {
			isa = PBXGroup;
			children = (
				60BE9C4D23437DA200C421FF /* Images */,
				605A50D42343797E00A63258 /* landmarkData.json */,
				605A50D7234379A900A63258 /* Data.swift */,
			);
			path = Stub;
			sourceTree = "<group>";
		};
		605B8FE623437C000014FB90 /* Views */ = {
			isa = PBXGroup;
			children = (
				60884E6323423E2E0016110E /* CircleImage.swift */,
				60884E65234241D20016110E /* MapView.swift */,
			);
			path = Views;
			sourceTree = "<group>";
		};
		60884E27234236200016110E = {
			isa = PBXGroup;
			children = (
				60884E32234236200016110E /* Landmarks */,
				60884E49234236270016110E /* LandmarksTests */,
				60884E54234236270016110E /* LandmarksUITests */,
				60884E31234236200016110E /* Products */,
			);
			sourceTree = "<group>";
		};
		60884E31234236200016110E /* Products */ = {
			isa = PBXGroup;
			children = (
				60884E30234236200016110E /* Landmarks.app */,
				60884E46234236270016110E /* LandmarksTests.xctest */,
				60884E51234236270016110E /* LandmarksUITests.xctest */,
			);
			name = Products;
			sourceTree = "<group>";
		};
		60884E32234236200016110E /* Landmarks */ = {
			isa = PBXGroup;
			children = (
				60884E33234236200016110E /* AppDelegate.swift */,
				60884E35234236200016110E /* SceneDelegate.swift */,
				605A50CA2343731A00A63258 /* Models */,
				605A50CD2343756900A63258 /* Screens */,
				605A50CE2343758700A63258 /* Resources */,
				60884E41234236260016110E /* Info.plist */,
				60884E3B234236260016110E /* Preview Content */,
			);
			path = Landmarks;
			sourceTree = "<group>";
		};
		60884E3B234236260016110E /* Preview Content */ = {
			isa = PBXGroup;
			children = (
				60884E3C234236260016110E /* Preview Assets.xcassets */,
			);
			path = "Preview Content";
			sourceTree = "<group>";
		};
		60884E49234236270016110E /* LandmarksTests */ = {
			isa = PBXGroup;
			children = (
				60884E4A234236270016110E /* LandmarksTests.swift */,
				60884E4C234236270016110E /* Info.plist */,
			);
			path = LandmarksTests;
			sourceTree = "<group>";
		};
		60884E54234236270016110E /* LandmarksUITests */ = {
			isa = PBXGroup;
			children = (
				60884E55234236270016110E /* LandmarksUITests.swift */,
				60884E57234236270016110E /* Info.plist */,
			);
			path = LandmarksUITests;
			sourceTree = "<group>";
		};
		60BE9C4D23437DA200C421FF /* Images */ = {
			isa = PBXGroup;
			children = (
				60BE9C5223437DDA00C421FF /* chilkoottrail.jpg */,
				60BE9C5023437DDA00C421FF /* chincoteague.jpg */,
				60BE9C5923437DDB00C421FF /* hiddenlake.jpg */,
				60BE9C5723437DDB00C421FF /* icybay.jpg */,
				60BE9C4E23437DDA00C421FF /* lakemcdonald.jpg */,
				60BE9C5423437DDB00C421FF /* rainbowlake.jpg */,
				60BE9C5623437DDB00C421FF /* silversalmoncreek.jpg */,
				60BE9C4F23437DDA00C421FF /* stmarylake.jpg */,
				60BE9C5823437DDB00C421FF /* turtlerock.jpg */,
				60BE9C5323437DDA00C421FF /* twinlake.jpg */,
				60BE9C5123437DDA00C421FF /* umbagog.jpg */,
				60BE9C5523437DDB00C421FF /* yukon_charleyrivers.jpg */,
			);
			path = Images;
			sourceTree = "<group>";
		};
/* End PBXGroup section */

/* Begin PBXNativeTarget section */
		60884E2F234236200016110E /* Landmarks */ = {
			isa = PBXNativeTarget;
			buildConfigurationList = 60884E5A234236270016110E /* Build configuration list for PBXNativeTarget "Landmarks" */;
			buildPhases = (
				60884E2C234236200016110E /* Sources */,
				60884E2D234236200016110E /* Frameworks */,
				60884E2E234236200016110E /* Resources */,
			);
			buildRules = (
			);
			dependencies = (
			);
			name = Landmarks;
			productName = Landmarks;
			productReference = 60884E30234236200016110E /* Landmarks.app */;
			productType = "com.apple.product-type.application";
		};
		60884E45234236270016110E /* LandmarksTests */ = {
			isa = PBXNativeTarget;
			buildConfigurationList = 60884E5D234236270016110E /* Build configuration list for PBXNativeTarget "LandmarksTests" */;
			buildPhases = (
				60884E42234236270016110E /* Sources */,
				60884E43234236270016110E /* Frameworks */,
				60884E44234236270016110E /* Resources */,
			);
			buildRules = (
			);
			dependencies = (
				60884E48234236270016110E /* PBXTargetDependency */,
			);
			name = LandmarksTests;
			productName = LandmarksTests;
			productReference = 60884E46234236270016110E /* LandmarksTests.xctest */;
			productType = "com.apple.product-type.bundle.unit-test";
		};
		60884E50234236270016110E /* LandmarksUITests */ = {
			isa = PBXNativeTarget;
			buildConfigurationList = 60884E60234236270016110E /* Build configuration list for PBXNativeTarget "LandmarksUITests" */;
			buildPhases = (
				60884E4D234236270016110E /* Sources */,
				60884E4E234236270016110E /* Frameworks */,
				60884E4F234236270016110E /* Resources */,
			);
			buildRules = (
			);
			dependencies = (
				60884E53234236270016110E /* PBXTargetDependency */,
			);
			name = LandmarksUITests;
			productName = LandmarksUITests;
			productReference = 60884E51234236270016110E /* LandmarksUITests.xctest */;
			productType = "com.apple.product-type.bundle.ui-testing";
		};
/* End PBXNativeTarget section */

/* Begin PBXProject section */
		60884E28234236200016110E /* Project object */ = {
			isa = PBXProject;
			attributes = {
				LastSwiftUpdateCheck = 1100;
				LastUpgradeCheck = 1100;
				ORGANIZATIONNAME = "Yu Sun";
				TargetAttributes = {
					60884E2F234236200016110E = {
						CreatedOnToolsVersion = 11.0;
					};
					60884E45234236270016110E = {
						CreatedOnToolsVersion = 11.0;
						TestTargetID = 60884E2F234236200016110E;
					};
					60884E50234236270016110E = {
						CreatedOnToolsVersion = 11.0;
						TestTargetID = 60884E2F234236200016110E;
					};
				};
			};
			buildConfigurationList = 60884E2B234236200016110E /* Build configuration list for PBXProject "Landmarks" */;
			compatibilityVersion = "Xcode 9.3";
			developmentRegion = en;
			hasScannedForEncodings = 0;
			knownRegions = (
				en,
				Base,
			);
			mainGroup = 60884E27234236200016110E;
			productRefGroup = 60884E31234236200016110E /* Products */;
			projectDirPath = "";
			projectRoot = "";
			targets = (
				60884E2F234236200016110E /* Landmarks */,
				60884E45234236270016110E /* LandmarksTests */,
				60884E50234236270016110E /* LandmarksUITests */,
			);
		};
/* End PBXProject section */

/* Begin PBXResourcesBuildPhase section */
		60884E2E234236200016110E /* Resources */ = {
			isa = PBXResourcesBuildPhase;
			buildActionMask = 2147483647;
			files = (
				60BE9C6223437DDB00C421FF /* silversalmoncreek.jpg in Resources */,
				60BE9C6023437DDB00C421FF /* rainbowlake.jpg in Resources */,
				60BE9C5B23437DDB00C421FF /* stmarylake.jpg in Resources */,
				60BE9C5E23437DDB00C421FF /* chilkoottrail.jpg in Resources */,
				60884E40234236260016110E /* LaunchScreen.storyboard in Resources */,
				60BE9C5A23437DDB00C421FF /* lakemcdonald.jpg in Resources */,
				60BE9C6523437DDB00C421FF /* hiddenlake.jpg in Resources */,
				60BE9C5C23437DDB00C421FF /* chincoteague.jpg in Resources */,
				60BE9C5D23437DDB00C421FF /* umbagog.jpg in Resources */,
				60BE9C5F23437DDB00C421FF /* twinlake.jpg in Resources */,
				605A50D52343797E00A63258 /* landmarkData.json in Resources */,
				60884E3D234236260016110E /* Preview Assets.xcassets in Resources */,
				60BE9C6123437DDB00C421FF /* yukon_charleyrivers.jpg in Resources */,
				60BE9C6323437DDB00C421FF /* icybay.jpg in Resources */,
				60884E3A234236260016110E /* Assets.xcassets in Resources */,
				60BE9C6423437DDB00C421FF /* turtlerock.jpg in Resources */,
			);
			runOnlyForDeploymentPostprocessing = 0;
		};
		60884E44234236270016110E /* Resources */ = {
			isa = PBXResourcesBuildPhase;
			buildActionMask = 2147483647;
			files = (
			);
			runOnlyForDeploymentPostprocessing = 0;
		};
		60884E4F234236270016110E /* Resources */ = {
			isa = PBXResourcesBuildPhase;
			buildActionMask = 2147483647;
			files = (
			);
			runOnlyForDeploymentPostprocessing = 0;
		};
/* End PBXResourcesBuildPhase section */

/* Begin PBXSourcesBuildPhase section */
		60884E2C234236200016110E /* Sources */ = {
			isa = PBXSourcesBuildPhase;
			buildActionMask = 2147483647;
			files = (
				60884E34234236200016110E /* AppDelegate.swift in Sources */,
				60884E6423423E2E0016110E /* CircleImage.swift in Sources */,
				60884E66234241D20016110E /* MapView.swift in Sources */,
				60884E36234236200016110E /* SceneDelegate.swift in Sources */,
				60BE9C6723437FE600C421FF /* LandmarkList.swift in Sources */,
				60884E38234236200016110E /* LandmarkDetail.swift in Sources */,
				605A50D32343789E00A63258 /* LandmarkRow.swift in Sources */,
				605A50CC234373B000A63258 /* Landmark.swift in Sources */,
				605A50D8234379A900A63258 /* Data.swift in Sources */,
			);
			runOnlyForDeploymentPostprocessing = 0;
		};
		60884E42234236270016110E /* Sources */ = {
			isa = PBXSourcesBuildPhase;
			buildActionMask = 2147483647;
			files = (
				60884E4B234236270016110E /* LandmarksTests.swift in Sources */,
			);
			runOnlyForDeploymentPostprocessing = 0;
		};
		60884E4D234236270016110E /* Sources */ = {
			isa = PBXSourcesBuildPhase;
			buildActionMask = 2147483647;
			files = (
				60884E56234236270016110E /* LandmarksUITests.swift in Sources */,
			);
			runOnlyForDeploymentPostprocessing = 0;
		};
/* End PBXSourcesBuildPhase section */

/* Begin PBXTargetDependency section */
		60884E48234236270016110E /* PBXTargetDependency */ = {
			isa = PBXTargetDependency;
			target = 60884E2F234236200016110E /* Landmarks */;
			targetProxy = 60884E47234236270016110E /* PBXContainerItemProxy */;
		};
		60884E53234236270016110E /* PBXTargetDependency */ = {
			isa = PBXTargetDependency;
			target = 60884E2F234236200016110E /* Landmarks */;
			targetProxy = 60884E52234236270016110E /* PBXContainerItemProxy */;
		};
/* End PBXTargetDependency section */

/* Begin PBXVariantGroup section */
		60884E3E234236260016110E /* LaunchScreen.storyboard */ = {
			isa = PBXVariantGroup;
			children = (
				60884E3F234236260016110E /* Base */,
			);
			name = LaunchScreen.storyboard;
			sourceTree = "<group>";
		};
/* End PBXVariantGroup section */

/* Begin XCBuildConfiguration section */
		60884E58234236270016110E /* Debug */ = {
			isa = XCBuildConfiguration;
			buildSettings = {
				ALWAYS_SEARCH_USER_PATHS = NO;
				CLANG_ANALYZER_NONNULL = YES;
				CLANG_ANALYZER_NUMBER_OBJECT_CONVERSION = YES_AGGRESSIVE;
				CLANG_CXX_LANGUAGE_STANDARD = "gnu++14";
				CLANG_CXX_LIBRARY = "libc++";
				CLANG_ENABLE_MODULES = YES;
				CLANG_ENABLE_OBJC_ARC = YES;
				CLANG_ENABLE_OBJC_WEAK = YES;
				CLANG_WARN_BLOCK_CAPTURE_AUTORELEASING = YES;
				CLANG_WARN_BOOL_CONVERSION = YES;
				CLANG_WARN_COMMA = YES;
				CLANG_WARN_CONSTANT_CONVERSION = YES;
				CLANG_WARN_DEPRECATED_OBJC_IMPLEMENTATIONS = YES;
				CLANG_WARN_DIRECT_OBJC_ISA_USAGE = YES_ERROR;
				CLANG_WARN_DOCUMENTATION_COMMENTS = YES;
				CLANG_WARN_EMPTY_BODY = YES;
				CLANG_WARN_ENUM_CONVERSION = YES;
				CLANG_WARN_INFINITE_RECURSION = YES;
				CLANG_WARN_INT_CONVERSION = YES;
				CLANG_WARN_NON_LITERAL_NULL_CONVERSION = YES;
				CLANG_WARN_OBJC_IMPLICIT_RETAIN_SELF = YES;
				CLANG_WARN_OBJC_LITERAL_CONVERSION = YES;
				CLANG_WARN_OBJC_ROOT_CLASS = YES_ERROR;
				CLANG_WARN_RANGE_LOOP_ANALYSIS = YES;
				CLANG_WARN_STRICT_PROTOTYPES = YES;
				CLANG_WARN_SUSPICIOUS_MOVE = YES;
				CLANG_WARN_UNGUARDED_AVAILABILITY = YES_AGGRESSIVE;
				CLANG_WARN_UNREACHABLE_CODE = YES;
				CLANG_WARN__DUPLICATE_METHOD_MATCH = YES;
				COPY_PHASE_STRIP = NO;
				DEBUG_INFORMATION_FORMAT = dwarf;
				ENABLE_STRICT_OBJC_MSGSEND = YES;
				ENABLE_TESTABILITY = YES;
				GCC_C_LANGUAGE_STANDARD = gnu11;
				GCC_DYNAMIC_NO_PIC = NO;
				GCC_NO_COMMON_BLOCKS = YES;
				GCC_OPTIMIZATION_LEVEL = 0;
				GCC_PREPROCESSOR_DEFINITIONS = (
					"DEBUG=1",
					"$(inherited)",
				);
				GCC_WARN_64_TO_32_BIT_CONVERSION = YES;
				GCC_WARN_ABOUT_RETURN_TYPE = YES_ERROR;
				GCC_WARN_UNDECLARED_SELECTOR = YES;
				GCC_WARN_UNINITIALIZED_AUTOS = YES_AGGRESSIVE;
				GCC_WARN_UNUSED_FUNCTION = YES;
				GCC_WARN_UNUSED_VARIABLE = YES;
				IPHONEOS_DEPLOYMENT_TARGET = 13.0;
				MTL_ENABLE_DEBUG_INFO = INCLUDE_SOURCE;
				MTL_FAST_MATH = YES;
				ONLY_ACTIVE_ARCH = YES;
				SDKROOT = iphoneos;
				SWIFT_ACTIVE_COMPILATION_CONDITIONS = DEBUG;
				SWIFT_OPTIMIZATION_LEVEL = "-Onone";
			};
			name = Debug;
		};
		60884E59234236270016110E /* Release */ = {
			isa = XCBuildConfiguration;
			buildSettings = {
				ALWAYS_SEARCH_USER_PATHS = NO;
				CLANG_ANALYZER_NONNULL = YES;
				CLANG_ANALYZER_NUMBER_OBJECT_CONVERSION = YES_AGGRESSIVE;
				CLANG_CXX_LANGUAGE_STANDARD = "gnu++14";
				CLANG_CXX_LIBRARY = "libc++";
				CLANG_ENABLE_MODULES = YES;
				CLANG_ENABLE_OBJC_ARC = YES;
				CLANG_ENABLE_OBJC_WEAK = YES;
				CLANG_WARN_BLOCK_CAPTURE_AUTORELEASING = YES;
				CLANG_WARN_BOOL_CONVERSION = YES;
				CLANG_WARN_COMMA = YES;
				CLANG_WARN_CONSTANT_CONVERSION = YES;
				CLANG_WARN_DEPRECATED_OBJC_IMPLEMENTATIONS = YES;
				CLANG_WARN_DIRECT_OBJC_ISA_USAGE = YES_ERROR;
				CLANG_WARN_DOCUMENTATION_COMMENTS = YES;
				CLANG_WARN_EMPTY_BODY = YES;
				CLANG_WARN_ENUM_CONVERSION = YES;
				CLANG_WARN_INFINITE_RECURSION = YES;
				CLANG_WARN_INT_CONVERSION = YES;
				CLANG_WARN_NON_LITERAL_NULL_CONVERSION = YES;
				CLANG_WARN_OBJC_IMPLICIT_RETAIN_SELF = YES;
				CLANG_WARN_OBJC_LITERAL_CONVERSION = YES;
				CLANG_WARN_OBJC_ROOT_CLASS = YES_ERROR;
				CLANG_WARN_RANGE_LOOP_ANALYSIS = YES;
				CLANG_WARN_STRICT_PROTOTYPES = YES;
				CLANG_WARN_SUSPICIOUS_MOVE = YES;
				CLANG_WARN_UNGUARDED_AVAILABILITY = YES_AGGRESSIVE;
				CLANG_WARN_UNREACHABLE_CODE = YES;
				CLANG_WARN__DUPLICATE_METHOD_MATCH = YES;
				COPY_PHASE_STRIP = NO;
				DEBUG_INFORMATION_FORMAT = "dwarf-with-dsym";
				ENABLE_NS_ASSERTIONS = NO;
				ENABLE_STRICT_OBJC_MSGSEND = YES;
				GCC_C_LANGUAGE_STANDARD = gnu11;
				GCC_NO_COMMON_BLOCKS = YES;
				GCC_WARN_64_TO_32_BIT_CONVERSION = YES;
				GCC_WARN_ABOUT_RETURN_TYPE = YES_ERROR;
				GCC_WARN_UNDECLARED_SELECTOR = YES;
				GCC_WARN_UNINITIALIZED_AUTOS = YES_AGGRESSIVE;
				GCC_WARN_UNUSED_FUNCTION = YES;
				GCC_WARN_UNUSED_VARIABLE = YES;
				IPHONEOS_DEPLOYMENT_TARGET = 13.0;
				MTL_ENABLE_DEBUG_INFO = NO;
				MTL_FAST_MATH = YES;
				SDKROOT = iphoneos;
				SWIFT_COMPILATION_MODE = wholemodule;
				SWIFT_OPTIMIZATION_LEVEL = "-O";
				VALIDATE_PRODUCT = YES;
			};
			name = Release;
		};
		60884E5B234236270016110E /* Debug */ = {
			isa = XCBuildConfiguration;
			buildSettings = {
				ASSETCATALOG_COMPILER_APPICON_NAME = AppIcon;
				CODE_SIGN_STYLE = Automatic;
				DEVELOPMENT_ASSET_PATHS = "\"Landmarks/Preview Content\"";
				ENABLE_PREVIEWS = YES;
				INFOPLIST_FILE = Landmarks/Info.plist;
				LD_RUNPATH_SEARCH_PATHS = (
					"$(inherited)",
					"@executable_path/Frameworks",
				);
				PRODUCT_BUNDLE_IDENTIFIER = Apple.Landmarks;
				PRODUCT_NAME = "$(TARGET_NAME)";
				SWIFT_VERSION = 5.0;
				TARGETED_DEVICE_FAMILY = "1,2";
			};
			name = Debug;
		};
		60884E5C234236270016110E /* Release */ = {
			isa = XCBuildConfiguration;
			buildSettings = {
				ASSETCATALOG_COMPILER_APPICON_NAME = AppIcon;
				CODE_SIGN_STYLE = Automatic;
				DEVELOPMENT_ASSET_PATHS = "\"Landmarks/Preview Content\"";
				ENABLE_PREVIEWS = YES;
				INFOPLIST_FILE = Landmarks/Info.plist;
				LD_RUNPATH_SEARCH_PATHS = (
					"$(inherited)",
					"@executable_path/Frameworks",
				);
				PRODUCT_BUNDLE_IDENTIFIER = Apple.Landmarks;
				PRODUCT_NAME = "$(TARGET_NAME)";
				SWIFT_VERSION = 5.0;
				TARGETED_DEVICE_FAMILY = "1,2";
			};
			name = Release;
		};
		60884E5E234236270016110E /* Debug */ = {
			isa = XCBuildConfiguration;
			buildSettings = {
				ALWAYS_EMBED_SWIFT_STANDARD_LIBRARIES = YES;
				BUNDLE_LOADER = "$(TEST_HOST)";
				CODE_SIGN_STYLE = Automatic;
				INFOPLIST_FILE = LandmarksTests/Info.plist;
				IPHONEOS_DEPLOYMENT_TARGET = 13.0;
				LD_RUNPATH_SEARCH_PATHS = (
					"$(inherited)",
					"@executable_path/Frameworks",
					"@loader_path/Frameworks",
				);
				PRODUCT_BUNDLE_IDENTIFIER = Apple.LandmarksTests;
				PRODUCT_NAME = "$(TARGET_NAME)";
				SWIFT_VERSION = 5.0;
				TARGETED_DEVICE_FAMILY = "1,2";
				TEST_HOST = "$(BUILT_PRODUCTS_DIR)/Landmarks.app/Landmarks";
			};
			name = Debug;
		};
		60884E5F234236270016110E /* Release */ = {
			isa = XCBuildConfiguration;
			buildSettings = {
				ALWAYS_EMBED_SWIFT_STANDARD_LIBRARIES = YES;
				BUNDLE_LOADER = "$(TEST_HOST)";
				CODE_SIGN_STYLE = Automatic;
				INFOPLIST_FILE = LandmarksTests/Info.plist;
				IPHONEOS_DEPLOYMENT_TARGET = 13.0;
				LD_RUNPATH_SEARCH_PATHS = (
					"$(inherited)",
					"@executable_path/Frameworks",
					"@loader_path/Frameworks",
				);
				PRODUCT_BUNDLE_IDENTIFIER = Apple.LandmarksTests;
				PRODUCT_NAME = "$(TARGET_NAME)";
				SWIFT_VERSION = 5.0;
				TARGETED_DEVICE_FAMILY = "1,2";
				TEST_HOST = "$(BUILT_PRODUCTS_DIR)/Landmarks.app/Landmarks";
			};
			name = Release;
		};
		60884E61234236270016110E /* Debug */ = {
			isa = XCBuildConfiguration;
			buildSettings = {
				ALWAYS_EMBED_SWIFT_STANDARD_LIBRARIES = YES;
				CODE_SIGN_STYLE = Automatic;
				INFOPLIST_FILE = LandmarksUITests/Info.plist;
				LD_RUNPATH_SEARCH_PATHS = (
					"$(inherited)",
					"@executable_path/Frameworks",
					"@loader_path/Frameworks",
				);
				PRODUCT_BUNDLE_IDENTIFIER = Apple.LandmarksUITests;
				PRODUCT_NAME = "$(TARGET_NAME)";
				SWIFT_VERSION = 5.0;
				TARGETED_DEVICE_FAMILY = "1,2";
				TEST_TARGET_NAME = Landmarks;
			};
			name = Debug;
		};
		60884E62234236270016110E /* Release */ = {
			isa = XCBuildConfiguration;
			buildSettings = {
				ALWAYS_EMBED_SWIFT_STANDARD_LIBRARIES = YES;
				CODE_SIGN_STYLE = Automatic;
				INFOPLIST_FILE = LandmarksUITests/Info.plist;
				LD_RUNPATH_SEARCH_PATHS = (
					"$(inherited)",
					"@executable_path/Frameworks",
					"@loader_path/Frameworks",
				);
				PRODUCT_BUNDLE_IDENTIFIER = Apple.LandmarksUITests;
				PRODUCT_NAME = "$(TARGET_NAME)";
				SWIFT_VERSION = 5.0;
				TARGETED_DEVICE_FAMILY = "1,2";
				TEST_TARGET_NAME = Landmarks;
			};
			name = Release;
		};
/* End XCBuildConfiguration section */

/* Begin XCConfigurationList section */
		60884E2B234236200016110E /* Build configuration list for PBXProject "Landmarks" */ = {
			isa = XCConfigurationList;
			buildConfigurations = (
				60884E58234236270016110E /* Debug */,
				60884E59234236270016110E /* Release */,
			);
			defaultConfigurationIsVisible = 0;
			defaultConfigurationName = Release;
		};
		60884E5A234236270016110E /* Build configuration list for PBXNativeTarget "Landmarks" */ = {
			isa = XCConfigurationList;
			buildConfigurations = (
				60884E5B234236270016110E /* Debug */,
				60884E5C234236270016110E /* Release */,
			);
			defaultConfigurationIsVisible = 0;
			defaultConfigurationName = Release;
		};
		60884E5D234236270016110E /* Build configuration list for PBXNativeTarget "LandmarksTests" */ = {
			isa = XCConfigurationList;
			buildConfigurations = (
				60884E5E234236270016110E /* Debug */,
				60884E5F234236270016110E /* Release */,
			);
			defaultConfigurationIsVisible = 0;
			defaultConfigurationName = Release;
		};
		60884E60234236270016110E /* Build configuration list for PBXNativeTarget "LandmarksUITests" */ = {
			isa = XCConfigurationList;
			buildConfigurations = (
				60884E61234236270016110E /* Debug */,
				60884E62234236270016110E /* Release */,
			);
			defaultConfigurationIsVisible = 0;
			defaultConfigurationName = Release;
		};
/* End XCConfigurationList section */
	};
	rootObject = 60884E28234236200016110E /* Project object */;
}
